{
  "name": "zod-partial-record",
  "version": "1.0.0",
  "lockfileVersion": 2,
  "requires": true,
  "packages": {
    "": {
      "version": "1.0.0",
      "dependencies": {
        "zod": "3.13.2"
      }
    },
    "node_modules/zod": {
      "version": "3.13.2",
      "resolved": "https://registry.npmjs.org/zod/-/zod-3.13.2.tgz",
      "integrity": "sha512-xN+PKyFQEs4t/j4V6pAwYwglR2aXNcGc6T825dpVfVdlSZg58Bb3i90YAl5V6ItZIxO5HzceJ6bmvmmlPcclVw==",
      "funding": {
        "url": "https://github.com/sponsors/colinhacks"
      }
    }
  },
  "dependencies": {
    "zod": {
      "version": "3.13.2",
      "resolved": "https://registry.npmjs.org/zod/-/zod-3.13.2.tgz",
      "integrity": "sha512-xN+PKyFQEs4t/j4V6pAwYwglR2aXNcGc6T825dpVfVdlSZg58Bb3i90YAl5V6ItZIxO5HzceJ6bmvmmlPcclVw=="
    }
  }
}
